
Microsoft Visual Studio Solution File, Format Version 12.00
# Visual Studio Version 16
VisualStudioVersion = 16.0.29509.3
MinimumVisualStudioVersion = 10.0.40219.1
Project("{FAE04EC0-301F-11D3-BF4B-00C04F79EFBC}") = "DonetGrpc", "DonetGrpc.csproj", "{FFFA095F-02A6-4FF7-81E4-AF4BFB21D8C8}"
EndProject
Project("{FAE04EC0-301F-11D3-BF4B-00C04F79EFBC}") = "web", "..\web\web.csproj", "{F72F8D3A-D55E-4321-8976-02DDC8BB3938}"
EndProject
Global
	GlobalSection(SolutionConfigurationPlatforms) = preSolution
		Debug|Any CPU = Debug|Any CPU
		Release|Any CPU = Release|Any CPU
	EndGlobalSection
	GlobalSection(ProjectConfigurationPlatforms) = postSolution
		{FFFA095F-02A6-4FF7-81E4-AF4BFB21D8C8}.Debug|Any CPU.ActiveCfg = Debug|Any CPU
		{FFFA095F-02A6-4FF7-81E4-AF4BFB21D8C8}.Debug|Any CPU.Build.0 = Debug|Any CPU
		{FFFA095F-02A6-4FF7-81E4-AF4BFB21D8C8}.Release|Any CPU.ActiveCfg = Release|Any CPU
		{FFFA095F-02A6-4FF7-81E4-AF4BFB21D8C8}.Release|Any CPU.Build.0 = Release|Any CPU
		{F72F8D3A-D55E-4321-8976-02DDC8BB3938}.Debug|Any CPU.ActiveCfg = Debug|Any CPU
		{F72F8D3A-D55E-4321-8976-02DDC8BB3938}.Debug|Any CPU.Build.0 = Debug|Any CPU
		{F72F8D3A-D55E-4321-8976-02DDC8BB3938}.Release|Any CPU.ActiveCfg = Release|Any CPU
		{F72F8D3A-D55E-4321-8976-02DDC8BB3938}.Release|Any CPU.Build.0 = Release|Any CPU
	EndGlobalSection
	GlobalSection(SolutionProperties) = preSolution
		HideSolutionNode = FALSE
	EndGlobalSection
	GlobalSection(ExtensibilityGlobals) = postSolution
		SolutionGuid = {5D9B8F91-83BA-4CFD-9BBC-891334B530CF}
	EndGlobalSection
EndGlobal
